
Microsoft Visual Studio Solution File, Format Version 12.00
# Visual Studio Version 17
VisualStudioVersion = 17.1.32210.238
MinimumVisualStudioVersion = 10.0.40219.1
Project("{9A19103F-16F7-4668-BE54-9A1E7A4F7556}") = "WotPersonalDataCollector", "WotPersonalDataCollector\WotPersonalDataCollector.csproj", "{A6CD20A9-BADE-4A58-8D50-E2E44FE0C2A3}"
EndProject
Project("{9A19103F-16F7-4668-BE54-9A1E7A4F7556}") = "WotPersonalDataCollectorTests", "WotPersonalDataCollectorTests\WotPersonalDataCollectorTests.csproj", "{EF76C666-DBD1-4180-A114-DD166A503D92}"
EndProject
Project("{FAE04EC0-301F-11D3-BF4B-00C04F79EFBC}") = "WotPersonalDataCollectorWebApp", "WotPersonalDataCollectorWebApp\WotPersonalDataCollectorWebApp.csproj", "{34CDF208-5BB1-4851-9A07-742545317270}"
EndProject
Project("{FAE04EC0-301F-11D3-BF4B-00C04F79EFBC}") = "WotPersonalDataCollectorWebApp.UnitTests", "WotPersonalDataCollectorWebApp.UnitTests\WotPersonalDataCollectorWebApp.UnitTests.csproj", "{4CD983A6-107E-4274-9074-49D4B5B5D9B1}"
EndProject
Global
	GlobalSection(SolutionConfigurationPlatforms) = preSolution
		Debug|Any CPU = Debug|Any CPU
		Release|Any CPU = Release|Any CPU
	EndGlobalSection
	GlobalSection(ProjectConfigurationPlatforms) = postSolution
		{A6CD20A9-BADE-4A58-8D50-E2E44FE0C2A3}.Debug|Any CPU.ActiveCfg = Debug|Any CPU
		{A6CD20A9-BADE-4A58-8D50-E2E44FE0C2A3}.Debug|Any CPU.Build.0 = Debug|Any CPU
		{A6CD20A9-BADE-4A58-8D50-E2E44FE0C2A3}.Release|Any CPU.ActiveCfg = Release|Any CPU
		{A6CD20A9-BADE-4A58-8D50-E2E44FE0C2A3}.Release|Any CPU.Build.0 = Release|Any CPU
		{EF76C666-DBD1-4180-A114-DD166A503D92}.Debug|Any CPU.ActiveCfg = Debug|Any CPU
		{EF76C666-DBD1-4180-A114-DD166A503D92}.Debug|Any CPU.Build.0 = Debug|Any CPU
		{EF76C666-DBD1-4180-A114-DD166A503D92}.Release|Any CPU.ActiveCfg = Release|Any CPU
		{EF76C666-DBD1-4180-A114-DD166A503D92}.Release|Any CPU.Build.0 = Release|Any CPU
		{34CDF208-5BB1-4851-9A07-742545317270}.Debug|Any CPU.ActiveCfg = Debug|Any CPU
		{34CDF208-5BB1-4851-9A07-742545317270}.Debug|Any CPU.Build.0 = Debug|Any CPU
		{34CDF208-5BB1-4851-9A07-742545317270}.Release|Any CPU.ActiveCfg = Release|Any CPU
		{34CDF208-5BB1-4851-9A07-742545317270}.Release|Any CPU.Build.0 = Release|Any CPU
		{4CD983A6-107E-4274-9074-49D4B5B5D9B1}.Debug|Any CPU.ActiveCfg = Debug|Any CPU
		{4CD983A6-107E-4274-9074-49D4B5B5D9B1}.Debug|Any CPU.Build.0 = Debug|Any CPU
		{4CD983A6-107E-4274-9074-49D4B5B5D9B1}.Release|Any CPU.ActiveCfg = Release|Any CPU
		{4CD983A6-107E-4274-9074-49D4B5B5D9B1}.Release|Any CPU.Build.0 = Release|Any CPU
	EndGlobalSection
	GlobalSection(SolutionProperties) = preSolution
		HideSolutionNode = FALSE
	EndGlobalSection
	GlobalSection(ExtensibilityGlobals) = postSolution
		SolutionGuid = {AD9DD281-111A-46FF-B4DC-C003F71743AB}
	EndGlobalSection
EndGlobal
